
Microsoft Visual Studio Solution File, Format Version 12.00
# Visual Studio Version 17
VisualStudioVersion = 17.8.34330.188
MinimumVisualStudioVersion = 10.0.40219.1
Project("{9A19103F-16F7-4668-BE54-9A1E7A4F7556}") = "Curso C#", "Curso C#.csproj", "{69832C7D-BC04-4E6F-8C35-235341EDE5F8}"
EndProject
Project("{9A19103F-16F7-4668-BE54-9A1E7A4F7556}") = "PrimeiraClasse", "..\PrimeiraClasse\PrimeiraClasse.csproj", "{48C80C5B-C1EF-40CC-BCEA-D9620E459C52}"
EndProject
Project("{9A19103F-16F7-4668-BE54-9A1E7A4F7556}") = "Exercicio01", "..\Exercicios\Exercicio01.csproj", "{8629FB88-5BC2-4FD3-8382-C99BB58EFD6B}"
EndProject
Project("{9A19103F-16F7-4668-BE54-9A1E7A4F7556}") = "Exercicio02", "..\Exercicio02\Exercicio02.csproj", "{C90E5CA8-C6D4-4C1B-9739-AC2773987D39}"
EndProject
Project("{9A19103F-16F7-4668-BE54-9A1E7A4F7556}") = "SegundaClasse", "..\SegundaClasse\SegundaClasse.csproj", "{C4813667-E2D5-4D79-8F47-B0067FBFF399}"
EndProject
Project("{9A19103F-16F7-4668-BE54-9A1E7A4F7556}") = "Exercicio03", "..\exercicio03\Exercicio03.csproj", "{B823BCC3-74D0-423A-AEFA-ECCAE58DF2B1}"
EndProject
Project("{9A19103F-16F7-4668-BE54-9A1E7A4F7556}") = "exercicio04", "..\exercicio04\exercicio04.csproj", "{E991D1D1-652B-40AD-B77C-B859867E02CB}"
EndProject
Project("{9A19103F-16F7-4668-BE54-9A1E7A4F7556}") = "Exercicio05", "..\Exercicio05\Exercicio05.csproj", "{332F714C-8932-4832-8594-A0EB4A292E96}"
EndProject
Project("{9A19103F-16F7-4668-BE54-9A1E7A4F7556}") = "Membros estaticos", "..\Membros estaticos\Membros estaticos.csproj", "{3F323F0A-5EDA-4908-B1E8-1405F29BB44B}"
EndProject
Project("{9A19103F-16F7-4668-BE54-9A1E7A4F7556}") = "MembrosEstaticos02", "..\MembrosEstaticos02\MembrosEstaticos02.csproj", "{4CF3F33B-8549-4091-AB59-9C7A4C2DDC24}"
EndProject
Project("{9A19103F-16F7-4668-BE54-9A1E7A4F7556}") = "MembrosEstaticos03", "..\MembrosEstaticos03\MembrosEstaticos03.csproj", "{6218693A-20D5-4C1B-90F8-D73B0CE2929E}"
EndProject
Project("{9A19103F-16F7-4668-BE54-9A1E7A4F7556}") = "Exercicio06", "..\exercicio06\Exercicio06.csproj", "{55150822-DFD0-4AB1-B5AC-6B9DFBD68A63}"
EndProject
Project("{2150E333-8FDC-42A3-9474-1A3956D46DE8}") = "4 - Classes, atributos,métodos, membros estáticos", "4 - Classes, atributos,métodos, membros estáticos", "{B350D72F-7395-4D4C-A707-F1CB051131CB}"
EndProject
Project("{9A19103F-16F7-4668-BE54-9A1E7A4F7556}") = "Construtor01", "..\Construtor01\Construtor01.csproj", "{06042640-71AD-49A7-B298-7480ABE56193}"
EndProject
Project("{9A19103F-16F7-4668-BE54-9A1E7A4F7556}") = "Exercício01", "..\Exercício01\Exercício01.csproj", "{C1C924E5-45A3-434F-8EEA-AD2613BD4EC2}"
EndProject
Project("{2150E333-8FDC-42A3-9474-1A3956D46DE8}") = "5 - Contrutores, atributos, métodos, membros estáticos", "5 - Contrutores, atributos, métodos, membros estáticos", "{1DC2571F-803F-48C1-9371-80F8C57FEB72}"
EndProject
Project("{2150E333-8FDC-42A3-9474-1A3956D46DE8}") = "6 - Comportamento de memória,arrays, listas", "6 - Comportamento de memória,arrays, listas", "{8411CCE9-4DE6-49B8-8956-2C7135791722}"
EndProject
Project("{9A19103F-16F7-4668-BE54-9A1E7A4F7556}") = "Exercicio Vetor", "..\Exercicio Vetor\Exercicio Vetor.csproj", "{261EDDAB-4115-41A8-B226-4369AEA4D53B}"
EndProject
Project("{9A19103F-16F7-4668-BE54-9A1E7A4F7556}") = "Listas01", "..\Listas01\Listas01.csproj", "{67589E2C-628A-40AB-A5D5-181D91B20B66}"
EndProject
Project("{9A19103F-16F7-4668-BE54-9A1E7A4F7556}") = "Exercicio Listas", "..\Exercicio Listas\Exercicio Listas.csproj", "{CEBD3326-5045-4786-A58A-6450526C6FA6}"
EndProject
Project("{FAE04EC0-301F-11D3-BF4B-00C04F79EFBC}") = "ExercicioMatrizes", "..\ExercicioMatrizes\ExercicioMatrizes.csproj", "{CBFDD9E3-3889-4416-95EA-5BBF11350EF3}"
EndProject
Global
	GlobalSection(SolutionConfigurationPlatforms) = preSolution
		Debug|Any CPU = Debug|Any CPU
		Release|Any CPU = Release|Any CPU
	EndGlobalSection
	GlobalSection(ProjectConfigurationPlatforms) = postSolution
		{69832C7D-BC04-4E6F-8C35-235341EDE5F8}.Debug|Any CPU.ActiveCfg = Debug|Any CPU
		{69832C7D-BC04-4E6F-8C35-235341EDE5F8}.Debug|Any CPU.Build.0 = Debug|Any CPU
		{69832C7D-BC04-4E6F-8C35-235341EDE5F8}.Release|Any CPU.ActiveCfg = Release|Any CPU
		{69832C7D-BC04-4E6F-8C35-235341EDE5F8}.Release|Any CPU.Build.0 = Release|Any CPU
		{48C80C5B-C1EF-40CC-BCEA-D9620E459C52}.Debug|Any CPU.ActiveCfg = Debug|Any CPU
		{48C80C5B-C1EF-40CC-BCEA-D9620E459C52}.Debug|Any CPU.Build.0 = Debug|Any CPU
		{48C80C5B-C1EF-40CC-BCEA-D9620E459C52}.Release|Any CPU.ActiveCfg = Release|Any CPU
		{48C80C5B-C1EF-40CC-BCEA-D9620E459C52}.Release|Any CPU.Build.0 = Release|Any CPU
		{8629FB88-5BC2-4FD3-8382-C99BB58EFD6B}.Debug|Any CPU.ActiveCfg = Debug|Any CPU
		{8629FB88-5BC2-4FD3-8382-C99BB58EFD6B}.Debug|Any CPU.Build.0 = Debug|Any CPU
		{8629FB88-5BC2-4FD3-8382-C99BB58EFD6B}.Release|Any CPU.ActiveCfg = Release|Any CPU
		{8629FB88-5BC2-4FD3-8382-C99BB58EFD6B}.Release|Any CPU.Build.0 = Release|Any CPU
		{C90E5CA8-C6D4-4C1B-9739-AC2773987D39}.Debug|Any CPU.ActiveCfg = Debug|Any CPU
		{C90E5CA8-C6D4-4C1B-9739-AC2773987D39}.Debug|Any CPU.Build.0 = Debug|Any CPU
		{C90E5CA8-C6D4-4C1B-9739-AC2773987D39}.Release|Any CPU.ActiveCfg = Release|Any CPU
		{C90E5CA8-C6D4-4C1B-9739-AC2773987D39}.Release|Any CPU.Build.0 = Release|Any CPU
		{C4813667-E2D5-4D79-8F47-B0067FBFF399}.Debug|Any CPU.ActiveCfg = Debug|Any CPU
		{C4813667-E2D5-4D79-8F47-B0067FBFF399}.Debug|Any CPU.Build.0 = Debug|Any CPU
		{C4813667-E2D5-4D79-8F47-B0067FBFF399}.Release|Any CPU.ActiveCfg = Release|Any CPU
		{C4813667-E2D5-4D79-8F47-B0067FBFF399}.Release|Any CPU.Build.0 = Release|Any CPU
		{B823BCC3-74D0-423A-AEFA-ECCAE58DF2B1}.Debug|Any CPU.ActiveCfg = Debug|Any CPU
		{B823BCC3-74D0-423A-AEFA-ECCAE58DF2B1}.Debug|Any CPU.Build.0 = Debug|Any CPU
		{B823BCC3-74D0-423A-AEFA-ECCAE58DF2B1}.Release|Any CPU.ActiveCfg = Release|Any CPU
		{B823BCC3-74D0-423A-AEFA-ECCAE58DF2B1}.Release|Any CPU.Build.0 = Release|Any CPU
		{E991D1D1-652B-40AD-B77C-B859867E02CB}.Debug|Any CPU.ActiveCfg = Debug|Any CPU
		{E991D1D1-652B-40AD-B77C-B859867E02CB}.Debug|Any CPU.Build.0 = Debug|Any CPU
		{E991D1D1-652B-40AD-B77C-B859867E02CB}.Release|Any CPU.ActiveCfg = Release|Any CPU
		{E991D1D1-652B-40AD-B77C-B859867E02CB}.Release|Any CPU.Build.0 = Release|Any CPU
		{332F714C-8932-4832-8594-A0EB4A292E96}.Debug|Any CPU.ActiveCfg = Debug|Any CPU
		{332F714C-8932-4832-8594-A0EB4A292E96}.Debug|Any CPU.Build.0 = Debug|Any CPU
		{332F714C-8932-4832-8594-A0EB4A292E96}.Release|Any CPU.ActiveCfg = Release|Any CPU
		{332F714C-8932-4832-8594-A0EB4A292E96}.Release|Any CPU.Build.0 = Release|Any CPU
		{3F323F0A-5EDA-4908-B1E8-1405F29BB44B}.Debug|Any CPU.ActiveCfg = Debug|Any CPU
		{3F323F0A-5EDA-4908-B1E8-1405F29BB44B}.Debug|Any CPU.Build.0 = Debug|Any CPU
		{3F323F0A-5EDA-4908-B1E8-1405F29BB44B}.Release|Any CPU.ActiveCfg = Release|Any CPU
		{3F323F0A-5EDA-4908-B1E8-1405F29BB44B}.Release|Any CPU.Build.0 = Release|Any CPU
		{4CF3F33B-8549-4091-AB59-9C7A4C2DDC24}.Debug|Any CPU.ActiveCfg = Debug|Any CPU
		{4CF3F33B-8549-4091-AB59-9C7A4C2DDC24}.Debug|Any CPU.Build.0 = Debug|Any CPU
		{4CF3F33B-8549-4091-AB59-9C7A4C2DDC24}.Release|Any CPU.ActiveCfg = Release|Any CPU
		{4CF3F33B-8549-4091-AB59-9C7A4C2DDC24}.Release|Any CPU.Build.0 = Release|Any CPU
		{6218693A-20D5-4C1B-90F8-D73B0CE2929E}.Debug|Any CPU.ActiveCfg = Debug|Any CPU
		{6218693A-20D5-4C1B-90F8-D73B0CE2929E}.Debug|Any CPU.Build.0 = Debug|Any CPU
		{6218693A-20D5-4C1B-90F8-D73B0CE2929E}.Release|Any CPU.ActiveCfg = Release|Any CPU
		{6218693A-20D5-4C1B-90F8-D73B0CE2929E}.Release|Any CPU.Build.0 = Release|Any CPU
		{55150822-DFD0-4AB1-B5AC-6B9DFBD68A63}.Debug|Any CPU.ActiveCfg = Debug|Any CPU
		{55150822-DFD0-4AB1-B5AC-6B9DFBD68A63}.Debug|Any CPU.Build.0 = Debug|Any CPU
		{55150822-DFD0-4AB1-B5AC-6B9DFBD68A63}.Release|Any CPU.ActiveCfg = Release|Any CPU
		{55150822-DFD0-4AB1-B5AC-6B9DFBD68A63}.Release|Any CPU.Build.0 = Release|Any CPU
		{06042640-71AD-49A7-B298-7480ABE56193}.Debug|Any CPU.ActiveCfg = Debug|Any CPU
		{06042640-71AD-49A7-B298-7480ABE56193}.Debug|Any CPU.Build.0 = Debug|Any CPU
		{06042640-71AD-49A7-B298-7480ABE56193}.Release|Any CPU.ActiveCfg = Release|Any CPU
		{06042640-71AD-49A7-B298-7480ABE56193}.Release|Any CPU.Build.0 = Release|Any CPU
		{C1C924E5-45A3-434F-8EEA-AD2613BD4EC2}.Debug|Any CPU.ActiveCfg = Debug|Any CPU
		{C1C924E5-45A3-434F-8EEA-AD2613BD4EC2}.Debug|Any CPU.Build.0 = Debug|Any CPU
		{C1C924E5-45A3-434F-8EEA-AD2613BD4EC2}.Release|Any CPU.ActiveCfg = Release|Any CPU
		{C1C924E5-45A3-434F-8EEA-AD2613BD4EC2}.Release|Any CPU.Build.0 = Release|Any CPU
		{261EDDAB-4115-41A8-B226-4369AEA4D53B}.Debug|Any CPU.ActiveCfg = Debug|Any CPU
		{261EDDAB-4115-41A8-B226-4369AEA4D53B}.Debug|Any CPU.Build.0 = Debug|Any CPU
		{261EDDAB-4115-41A8-B226-4369AEA4D53B}.Release|Any CPU.ActiveCfg = Release|Any CPU
		{261EDDAB-4115-41A8-B226-4369AEA4D53B}.Release|Any CPU.Build.0 = Release|Any CPU
		{67589E2C-628A-40AB-A5D5-181D91B20B66}.Debug|Any CPU.ActiveCfg = Debug|Any CPU
		{67589E2C-628A-40AB-A5D5-181D91B20B66}.Debug|Any CPU.Build.0 = Debug|Any CPU
		{67589E2C-628A-40AB-A5D5-181D91B20B66}.Release|Any CPU.ActiveCfg = Release|Any CPU
		{67589E2C-628A-40AB-A5D5-181D91B20B66}.Release|Any CPU.Build.0 = Release|Any CPU
		{CEBD3326-5045-4786-A58A-6450526C6FA6}.Debug|Any CPU.ActiveCfg = Debug|Any CPU
		{CEBD3326-5045-4786-A58A-6450526C6FA6}.Debug|Any CPU.Build.0 = Debug|Any CPU
		{CEBD3326-5045-4786-A58A-6450526C6FA6}.Release|Any CPU.ActiveCfg = Release|Any CPU
		{CEBD3326-5045-4786-A58A-6450526C6FA6}.Release|Any CPU.Build.0 = Release|Any CPU
		{CBFDD9E3-3889-4416-95EA-5BBF11350EF3}.Debug|Any CPU.ActiveCfg = Debug|Any CPU
		{CBFDD9E3-3889-4416-95EA-5BBF11350EF3}.Debug|Any CPU.Build.0 = Debug|Any CPU
		{CBFDD9E3-3889-4416-95EA-5BBF11350EF3}.Release|Any CPU.ActiveCfg = Release|Any CPU
		{CBFDD9E3-3889-4416-95EA-5BBF11350EF3}.Release|Any CPU.Build.0 = Release|Any CPU
	EndGlobalSection
	GlobalSection(SolutionProperties) = preSolution
		HideSolutionNode = FALSE
	EndGlobalSection
	GlobalSection(NestedProjects) = preSolution
		{69832C7D-BC04-4E6F-8C35-235341EDE5F8} = {B350D72F-7395-4D4C-A707-F1CB051131CB}
		{48C80C5B-C1EF-40CC-BCEA-D9620E459C52} = {B350D72F-7395-4D4C-A707-F1CB051131CB}
		{8629FB88-5BC2-4FD3-8382-C99BB58EFD6B} = {B350D72F-7395-4D4C-A707-F1CB051131CB}
		{C90E5CA8-C6D4-4C1B-9739-AC2773987D39} = {B350D72F-7395-4D4C-A707-F1CB051131CB}
		{C4813667-E2D5-4D79-8F47-B0067FBFF399} = {B350D72F-7395-4D4C-A707-F1CB051131CB}
		{B823BCC3-74D0-423A-AEFA-ECCAE58DF2B1} = {B350D72F-7395-4D4C-A707-F1CB051131CB}
		{E991D1D1-652B-40AD-B77C-B859867E02CB} = {B350D72F-7395-4D4C-A707-F1CB051131CB}
		{332F714C-8932-4832-8594-A0EB4A292E96} = {B350D72F-7395-4D4C-A707-F1CB051131CB}
		{3F323F0A-5EDA-4908-B1E8-1405F29BB44B} = {B350D72F-7395-4D4C-A707-F1CB051131CB}
		{4CF3F33B-8549-4091-AB59-9C7A4C2DDC24} = {B350D72F-7395-4D4C-A707-F1CB051131CB}
		{6218693A-20D5-4C1B-90F8-D73B0CE2929E} = {B350D72F-7395-4D4C-A707-F1CB051131CB}
		{55150822-DFD0-4AB1-B5AC-6B9DFBD68A63} = {B350D72F-7395-4D4C-A707-F1CB051131CB}
		{06042640-71AD-49A7-B298-7480ABE56193} = {1DC2571F-803F-48C1-9371-80F8C57FEB72}
		{C1C924E5-45A3-434F-8EEA-AD2613BD4EC2} = {1DC2571F-803F-48C1-9371-80F8C57FEB72}
		{261EDDAB-4115-41A8-B226-4369AEA4D53B} = {8411CCE9-4DE6-49B8-8956-2C7135791722}
		{67589E2C-628A-40AB-A5D5-181D91B20B66} = {8411CCE9-4DE6-49B8-8956-2C7135791722}
		{CEBD3326-5045-4786-A58A-6450526C6FA6} = {8411CCE9-4DE6-49B8-8956-2C7135791722}
		{CBFDD9E3-3889-4416-95EA-5BBF11350EF3} = {8411CCE9-4DE6-49B8-8956-2C7135791722}
	EndGlobalSection
	GlobalSection(ExtensibilityGlobals) = postSolution
		SolutionGuid = {F671FAF1-7CC2-4478-8D94-81AD20BFF21A}
	EndGlobalSection
EndGlobal
