
Microsoft Visual Studio Solution File, Format Version 12.00
# Visual Studio Version 17
VisualStudioVersion = 17.8.34330.188
MinimumVisualStudioVersion = 10.0.40219.1
Project("{FAE04EC0-301F-11D3-BF4B-00C04F79EFBC}") = "ex1Vetores", "ex1Vetores.csproj", "{525CDEDA-CFE7-4CFA-9A3E-0B611992ECE2}"
EndProject
Global
	GlobalSection(SolutionConfigurationPlatforms) = preSolution
		Debug|Any CPU = Debug|Any CPU
		Release|Any CPU = Release|Any CPU
	EndGlobalSection
	GlobalSection(ProjectConfigurationPlatforms) = postSolution
		{525CDEDA-CFE7-4CFA-9A3E-0B611992ECE2}.Debug|Any CPU.ActiveCfg = Debug|Any CPU
		{525CDEDA-CFE7-4CFA-9A3E-0B611992ECE2}.Debug|Any CPU.Build.0 = Debug|Any CPU
		{525CDEDA-CFE7-4CFA-9A3E-0B611992ECE2}.Release|Any CPU.ActiveCfg = Release|Any CPU
		{525CDEDA-CFE7-4CFA-9A3E-0B611992ECE2}.Release|Any CPU.Build.0 = Release|Any CPU
	EndGlobalSection
	GlobalSection(SolutionProperties) = preSolution
		HideSolutionNode = FALSE
	EndGlobalSection
	GlobalSection(ExtensibilityGlobals) = postSolution
		SolutionGuid = {0D6FFB9E-6201-4295-A134-6033FFD4EC65}
	EndGlobalSection
EndGlobal
