
Microsoft Visual Studio Solution File, Format Version 12.00
# Visual Studio Version 17
VisualStudioVersion = 17.8.34330.188
MinimumVisualStudioVersion = 10.0.40219.1
Project("{FAE04EC0-301F-11D3-BF4B-00C04F79EFBC}") = "Lista2", "Lista2.csproj", "{710D7BAC-2135-4C7F-B630-8F9E8D208363}"
EndProject
Global
	GlobalSection(SolutionConfigurationPlatforms) = preSolution
		Debug|Any CPU = Debug|Any CPU
		Release|Any CPU = Release|Any CPU
	EndGlobalSection
	GlobalSection(ProjectConfigurationPlatforms) = postSolution
		{710D7BAC-2135-4C7F-B630-8F9E8D208363}.Debug|Any CPU.ActiveCfg = Debug|Any CPU
		{710D7BAC-2135-4C7F-B630-8F9E8D208363}.Debug|Any CPU.Build.0 = Debug|Any CPU
		{710D7BAC-2135-4C7F-B630-8F9E8D208363}.Release|Any CPU.ActiveCfg = Release|Any CPU
		{710D7BAC-2135-4C7F-B630-8F9E8D208363}.Release|Any CPU.Build.0 = Release|Any CPU
	EndGlobalSection
	GlobalSection(SolutionProperties) = preSolution
		HideSolutionNode = FALSE
	EndGlobalSection
	GlobalSection(ExtensibilityGlobals) = postSolution
		SolutionGuid = {6232301D-133D-4592-B663-F167371F4914}
	EndGlobalSection
EndGlobal
